
Microsoft Visual Studio Solution File, Format Version 12.00
# Visual Studio Version 16
VisualStudioVersion = 16.0.30717.126
MinimumVisualStudioVersion = 10.0.40219.1
Project("{FAE04EC0-301F-11D3-BF4B-00C04F79EFBC}") = "Interfaces", "Interfaces\Interfaces.csproj", "{7259DA7C-76B7-4E53-A27E-FC5479ED5604}"
EndProject
Project("{FAE04EC0-301F-11D3-BF4B-00C04F79EFBC}") = "InterfaceDispose", "InterfaceDispose\InterfaceDispose.csproj", "{B3C1F992-53A5-4F9A-95F4-EAD76E3EC0C1}"
EndProject
Global
	GlobalSection(SolutionConfigurationPlatforms) = preSolution
		Debug|Any CPU = Debug|Any CPU
		Release|Any CPU = Release|Any CPU
	EndGlobalSection
	GlobalSection(ProjectConfigurationPlatforms) = postSolution
		{7259DA7C-76B7-4E53-A27E-FC5479ED5604}.Debug|Any CPU.ActiveCfg = Debug|Any CPU
		{7259DA7C-76B7-4E53-A27E-FC5479ED5604}.Debug|Any CPU.Build.0 = Debug|Any CPU
		{7259DA7C-76B7-4E53-A27E-FC5479ED5604}.Release|Any CPU.ActiveCfg = Release|Any CPU
		{7259DA7C-76B7-4E53-A27E-FC5479ED5604}.Release|Any CPU.Build.0 = Release|Any CPU
		{B3C1F992-53A5-4F9A-95F4-EAD76E3EC0C1}.Debug|Any CPU.ActiveCfg = Debug|Any CPU
		{B3C1F992-53A5-4F9A-95F4-EAD76E3EC0C1}.Debug|Any CPU.Build.0 = Debug|Any CPU
		{B3C1F992-53A5-4F9A-95F4-EAD76E3EC0C1}.Release|Any CPU.ActiveCfg = Release|Any CPU
		{B3C1F992-53A5-4F9A-95F4-EAD76E3EC0C1}.Release|Any CPU.Build.0 = Release|Any CPU
	EndGlobalSection
	GlobalSection(SolutionProperties) = preSolution
		HideSolutionNode = FALSE
	EndGlobalSection
	GlobalSection(ExtensibilityGlobals) = postSolution
		SolutionGuid = {2D53A386-8C1E-4C1E-B41B-670FA54100A8}
	EndGlobalSection
EndGlobal
